PODS:
  - YCEasyTool (0.2.20):
    - YCEasyTool/Forever (= 0.2.20)
    - YCEasyTool/Polling (= 0.2.20)
    - YCEasyTool/Property (= 0.2.20)
    - YCEasyTool/Tools (= 0.2.20)
    - YCEasyTool/UI (= 0.2.20)
  - YCEasyTool/Forever (0.2.20):
    - YCEasyTool/Property
  - YCEasyTool/Polling (0.2.20)
  - YCEasyTool/Property (0.2.20)
  - YCEasyTool/Tools (0.2.20)
  - YCEasyTool/UI (0.2.20):
    - YCEasyTool/UI/CollectionView (= 0.2.20)
    - YCEasyTool/UI/Grid (= 0.2.20)
    - YCEasyTool/UI/PopMenu (= 0.2.20)
    - YCEasyTool/UI/Segment (= 0.2.20)
    - YCEasyTool/UI/TabBarController (= 0.2.20)
    - YCEasyTool/UI/TreeMenu (= 0.2.20)
  - YCEasyTool/UI/CollectionView (0.2.20)
  - YCEasyTool/UI/Grid (0.2.20):
    - YCEasyTool/Tools
    - YCEasyTool/UI/CollectionView
  - YCEasyTool/UI/PopMenu (0.2.20)
  - YCEasyTool/UI/Segment (0.2.20)
  - YCEasyTool/UI/TabBarController (0.2.20)
  - YCEasyTool/UI/TreeMenu (0.2.20)

DEPENDENCIES:
  - YCEasyTool (from `../`)

EXTERNAL SOURCES:
  YCEasyTool:
    :path: "../"

SPEC CHECKSUMS:
  YCEasyTool: 8e06218c12da4f3c9f507144c97c7bfaab8797c6

PODFILE CHECKSUM: 39f58180880e97a194fdb7c4658255fd08dd5b16

COCOAPODS: 1.7.0
